
Microsoft Visual Studio Solution File, Format Version 12.00
# Visual Studio Version 17
VisualStudioVersion = 17.3.32929.385
MinimumVisualStudioVersion = 10.0.40219.1
Project("{FAE04EC0-301F-11D3-BF4B-00C04F79EFBC}") = "projecttt", "projecttt\projecttt.csproj", "{3E404D95-B800-4D27-B067-37DC353B0041}"
EndProject
Global
	GlobalSection(SolutionConfigurationPlatforms) = preSolution
		Debug|Any CPU = Debug|Any CPU
		Release|Any CPU = Release|Any CPU
	EndGlobalSection
	GlobalSection(ProjectConfigurationPlatforms) = postSolution
		{3E404D95-B800-4D27-B067-37DC353B0041}.Debug|Any CPU.ActiveCfg = Debug|Any CPU
		{3E404D95-B800-4D27-B067-37DC353B0041}.Debug|Any CPU.Build.0 = Debug|Any CPU
		{3E404D95-B800-4D27-B067-37DC353B0041}.Release|Any CPU.ActiveCfg = Release|Any CPU
		{3E404D95-B800-4D27-B067-37DC353B0041}.Release|Any CPU.Build.0 = Release|Any CPU
	EndGlobalSection
	GlobalSection(SolutionProperties) = preSolution
		HideSolutionNode = FALSE
	EndGlobalSection
	GlobalSection(ExtensibilityGlobals) = postSolution
		SolutionGuid = {49CAD4AE-6983-43E7-871E-C1DA30B3DCFD}
	EndGlobalSection
EndGlobal
